{
  "name": "coach-skill",
  "version": "1.2.0",
  "lockfileVersion": 3,
  "requires": true,
  "packages": {
    "": {
      "name": "coach-skill",
      "version": "1.2.0",
      "license": "MIT",
      "devDependencies": {
        "playwright": "1.64.0-alpha-2026-09-24"
      },
      "engines": {
        "node": ">=20"
      }
    },
    "node_modules/playwright": {
      "version": "1.64.0-alpha-2026-09-24",
      "resolved": "https://registry.npmjs.org/playwright/-/playwright-1.64.0-alpha-2026-09-24.tgz",
      "integrity": "sha512-rRUu229DTbyD7jL2bTliUQVrPshWGV5B9UxbQdDrujjSGNXwYCL3Z9VmieL4TYzcGkgEk4f8r96fb+dXgWFh2g==",
      "dev": true,
      "license": "Apache-2.0",
      "dependencies": {
        "playwright-core": "1.64.0-alpha-2026-09-24"
      },
      "bin": {
        "playwright": "cli.js"
      },
      "engines": {
        "node": ">=20"
      }
    },
    "node_modules/playwright-core": {
      "version": "1.64.0-alpha-2026-09-24",
      "resolved": "https://registry.npmjs.org/playwright-core/-/playwright-core-1.64.0-alpha-2026-09-24.tgz",
      "integrity": "sha512-Wc3YggMSAM8y92peIVIBrEXLUC3ycidsS6+k1C3phEEkwHLk7g57W5LRWoHNVR5pAtHnqvyooKXoMAWkqQSCrQ==",
      "dev": true,
      "license": "Apache-2.0",
      "bin": {
        "playwright-core": "cli.js"
      },
      "engines": {
        "node": ">=20"
      }
    }
  }
}
